// !$*UTF8*$!
{
	archiveVersion = 1;
	classes = {
	};
	objectVersion = 77;
	objects = {

/* Begin PBXBuildFile section */
		D3B7A61F2E49CDBF00EE68D1 /* InlineSnapshotTesting in Frameworks */ = {isa = PBXBuildFile; productRef = D3B7A61E2E49CDBF00EE68D1 /* InlineSnapshotTesting */; };
		D3B7A6212E49CDBF00EE68D1 /* SnapshotTesting in Frameworks */ = {isa = PBXBuildFile; productRef = D3B7A6202E49CDBF00EE68D1 /* SnapshotTesting */; };
		D3B7A6232E49CDBF00EE68D1 /* SnapshotTestingCustomDump in Frameworks */ = {isa = PBXBuildFile; productRef = D3B7A6222E49CDBF00EE68D1 /* SnapshotTestingCustomDump */; };
		D3B7A6262E49CDD200EE68D1 /* Yams in Frameworks */ = {isa = PBXBuildFile; productRef = D3B7A6252E49CDD200EE68D1 /* Yams */; };
/* End PBXBuildFile section */

/* Begin PBXContainerItemProxy section */
		D3B7A28A2E4929BD00EE68D1 /* PBXContainerItemProxy */ = {
			isa = PBXContainerItemProxy;
			containerPortal = D3B7A2742E4929BB00EE68D1 /* Project object */;
			proxyType = 1;
			remoteGlobalIDString = D3B7A27B2E4929BB00EE68D1;
			remoteInfo = KYCFlowApp;
		};
		D3B7A2942E4929BD00EE68D1 /* PBXContainerItemProxy */ = {
			isa = PBXContainerItemProxy;
			containerPortal = D3B7A2742E4929BB00EE68D1 /* Project object */;
			proxyType = 1;
			remoteGlobalIDString = D3B7A27B2E4929BB00EE68D1;
			remoteInfo = KYCFlowApp;
		};
/* End PBXContainerItemProxy section */

/* Begin PBXFileReference section */
		D3B7A27C2E4929BB00EE68D1 /* KYCFlowApp.app */ = {isa = PBXFileReference; explicitFileType = wrapper.application; includeInIndex = 0; path = KYCFlowApp.app; sourceTree = BUILT_PRODUCTS_DIR; };
		D3B7A2892E4929BD00EE68D1 /* KYCFlowAppTests.xctest */ = {isa = PBXFileReference; explicitFileType = wrapper.cfbundle; includeInIndex = 0; path = KYCFlowAppTests.xctest; sourceTree = BUILT_PRODUCTS_DIR; };
		D3B7A2932E4929BD00EE68D1 /* KYCFlowAppUITests.xctest */ = {isa = PBXFileReference; explicitFileType = wrapper.cfbundle; includeInIndex = 0; path = KYCFlowAppUITests.xctest; sourceTree = BUILT_PRODUCTS_DIR; };
/* End PBXFileReference section */

/* Begin PBXFileSystemSynchronizedRootGroup section */
		D3B7A27E2E4929BB00EE68D1 /* KYCFlowApp */ = {
			isa = PBXFileSystemSynchronizedRootGroup;
			path = KYCFlowApp;
			sourceTree = "<group>";
		};
		D3B7A28C2E4929BD00EE68D1 /* KYCFlowAppTests */ = {
			isa = PBXFileSystemSynchronizedRootGroup;
			path = KYCFlowAppTests;
			sourceTree = "<group>";
		};
		D3B7A2962E4929BD00EE68D1 /* KYCFlowAppUITests */ = {
			isa = PBXFileSystemSynchronizedRootGroup;
			path = KYCFlowAppUITests;
			sourceTree = "<group>";
		};
/* End PBXFileSystemSynchronizedRootGroup section */

/* Begin PBXFrameworksBuildPhase section */
		D3B7A2792E4929BB00EE68D1 /* Frameworks */ = {
			isa = PBXFrameworksBuildPhase;
			buildActionMask = 2147483647;
			files = (
				D3B7A6262E49CDD200EE68D1 /* Yams in Frameworks */,
			);
			runOnlyForDeploymentPostprocessing = 0;
		};
		D3B7A2862E4929BD00EE68D1 /* Frameworks */ = {
			isa = PBXFrameworksBuildPhase;
			buildActionMask = 2147483647;
			files = (
				D3B7A6232E49CDBF00EE68D1 /* SnapshotTestingCustomDump in Frameworks */,
				D3B7A61F2E49CDBF00EE68D1 /* InlineSnapshotTesting in Frameworks */,
				D3B7A6212E49CDBF00EE68D1 /* SnapshotTesting in Frameworks */,
			);
			runOnlyForDeploymentPostprocessing = 0;
		};
		D3B7A2902E4929BD00EE68D1 /* Frameworks */ = {
			isa = PBXFrameworksBuildPhase;
			buildActionMask = 2147483647;
			files = (
			);
			runOnlyForDeploymentPostprocessing = 0;
		};
/* End PBXFrameworksBuildPhase section */

/* Begin PBXGroup section */
		D3B7A2732E4929BB00EE68D1 = {
			isa = PBXGroup;
			children = (
				D3B7A27E2E4929BB00EE68D1 /* KYCFlowApp */,
				D3B7A28C2E4929BD00EE68D1 /* KYCFlowAppTests */,
				D3B7A2962E4929BD00EE68D1 /* KYCFlowAppUITests */,
				D3B7A27D2E4929BB00EE68D1 /* Products */,
			);
			sourceTree = "<group>";
		};
		D3B7A27D2E4929BB00EE68D1 /* Products */ = {
			isa = PBXGroup;
			children = (
				D3B7A27C2E4929BB00EE68D1 /* KYCFlowApp.app */,
				D3B7A2892E4929BD00EE68D1 /* KYCFlowAppTests.xctest */,
				D3B7A2932E4929BD00EE68D1 /* KYCFlowAppUITests.xctest */,
			);
			name = Products;
			sourceTree = "<group>";
		};
/* End PBXGroup section */

/* Begin PBXNativeTarget section */
		D3B7A27B2E4929BB00EE68D1 /* KYCFlowApp */ = {
			isa = PBXNativeTarget;
			buildConfigurationList = D3B7A29D2E4929BD00EE68D1 /* Build configuration list for PBXNativeTarget "KYCFlowApp" */;
			buildPhases = (
				D3B7A2782E4929BB00EE68D1 /* Sources */,
				D3B7A2792E4929BB00EE68D1 /* Frameworks */,
				D3B7A27A2E4929BB00EE68D1 /* Resources */,
			);
			buildRules = (
			);
			dependencies = (
				D3B7A6B52E49CEFD00EE68D1 /* PBXTargetDependency */,
			);
			fileSystemSynchronizedGroups = (
				D3B7A27E2E4929BB00EE68D1 /* KYCFlowApp */,
			);
			name = KYCFlowApp;
			packageProductDependencies = (
				D3B7A6252E49CDD200EE68D1 /* Yams */,
			);
			productName = KYCFlowApp;
			productReference = D3B7A27C2E4929BB00EE68D1 /* KYCFlowApp.app */;
			productType = "com.apple.product-type.application";
		};
		D3B7A2882E4929BD00EE68D1 /* KYCFlowAppTests */ = {
			isa = PBXNativeTarget;
			buildConfigurationList = D3B7A2A02E4929BD00EE68D1 /* Build configuration list for PBXNativeTarget "KYCFlowAppTests" */;
			buildPhases = (
				D3B7A2852E4929BD00EE68D1 /* Sources */,
				D3B7A2862E4929BD00EE68D1 /* Frameworks */,
				D3B7A2872E4929BD00EE68D1 /* Resources */,
			);
			buildRules = (
			);
			dependencies = (
				D3B7A28B2E4929BD00EE68D1 /* PBXTargetDependency */,
			);
			fileSystemSynchronizedGroups = (
				D3B7A28C2E4929BD00EE68D1 /* KYCFlowAppTests */,
			);
			name = KYCFlowAppTests;
			packageProductDependencies = (
				D3B7A61E2E49CDBF00EE68D1 /* InlineSnapshotTesting */,
				D3B7A6202E49CDBF00EE68D1 /* SnapshotTesting */,
				D3B7A6222E49CDBF00EE68D1 /* SnapshotTestingCustomDump */,
			);
			productName = KYCFlowAppTests;
			productReference = D3B7A2892E4929BD00EE68D1 /* KYCFlowAppTests.xctest */;
			productType = "com.apple.product-type.bundle.unit-test";
		};
		D3B7A2922E4929BD00EE68D1 /* KYCFlowAppUITests */ = {
			isa = PBXNativeTarget;
			buildConfigurationList = D3B7A2A32E4929BD00EE68D1 /* Build configuration list for PBXNativeTarget "KYCFlowAppUITests" */;
			buildPhases = (
				D3B7A28F2E4929BD00EE68D1 /* Sources */,
				D3B7A2902E4929BD00EE68D1 /* Frameworks */,
				D3B7A2912E4929BD00EE68D1 /* Resources */,
			);
			buildRules = (
			);
			dependencies = (
				D3B7A2952E4929BD00EE68D1 /* PBXTargetDependency */,
			);
			fileSystemSynchronizedGroups = (
				D3B7A2962E4929BD00EE68D1 /* KYCFlowAppUITests */,
			);
			name = KYCFlowAppUITests;
			packageProductDependencies = (
			);
			productName = KYCFlowAppUITests;
			productReference = D3B7A2932E4929BD00EE68D1 /* KYCFlowAppUITests.xctest */;
			productType = "com.apple.product-type.bundle.ui-testing";
		};
/* End PBXNativeTarget section */

/* Begin PBXProject section */
		D3B7A2742E4929BB00EE68D1 /* Project object */ = {
			isa = PBXProject;
			attributes = {
				BuildIndependentTargetsInParallel = 1;
				LastSwiftUpdateCheck = 1640;
				LastUpgradeCheck = 1640;
				TargetAttributes = {
					D3B7A27B2E4929BB00EE68D1 = {
						CreatedOnToolsVersion = 16.4;
					};
					D3B7A2882E4929BD00EE68D1 = {
						CreatedOnToolsVersion = 16.4;
						TestTargetID = D3B7A27B2E4929BB00EE68D1;
					};
					D3B7A2922E4929BD00EE68D1 = {
						CreatedOnToolsVersion = 16.4;
						TestTargetID = D3B7A27B2E4929BB00EE68D1;
					};
				};
			};
			buildConfigurationList = D3B7A2772E4929BB00EE68D1 /* Build configuration list for PBXProject "KYCFlowApp" */;
			developmentRegion = en;
			hasScannedForEncodings = 0;
			knownRegions = (
				en,
				Base,
			);
			mainGroup = D3B7A2732E4929BB00EE68D1;
			minimizedProjectReferenceProxies = 1;
			packageReferences = (
				D3B7A61C2E49CD8200EE68D1 /* XCRemoteSwiftPackageReference "SwiftLintPlugins" */,
				D3B7A61D2E49CDBF00EE68D1 /* XCRemoteSwiftPackageReference "swift-snapshot-testing" */,
				D3B7A6242E49CDD200EE68D1 /* XCRemoteSwiftPackageReference "Yams" */,
			);
			preferredProjectObjectVersion = 77;
			productRefGroup = D3B7A27D2E4929BB00EE68D1 /* Products */;
			projectDirPath = "";
			projectRoot = "";
			targets = (
				D3B7A27B2E4929BB00EE68D1 /* KYCFlowApp */,
				D3B7A2882E4929BD00EE68D1 /* KYCFlowAppTests */,
				D3B7A2922E4929BD00EE68D1 /* KYCFlowAppUITests */,
			);
		};
/* End PBXProject section */

/* Begin PBXResourcesBuildPhase section */
		D3B7A27A2E4929BB00EE68D1 /* Resources */ = {
			isa = PBXResourcesBuildPhase;
			buildActionMask = 2147483647;
			files = (
			);
			runOnlyForDeploymentPostprocessing = 0;
		};
		D3B7A2872E4929BD00EE68D1 /* Resources */ = {
			isa = PBXResourcesBuildPhase;
			buildActionMask = 2147483647;
			files = (
			);
			runOnlyForDeploymentPostprocessing = 0;
		};
		D3B7A2912E4929BD00EE68D1 /* Resources */ = {
			isa = PBXResourcesBuildPhase;
			buildActionMask = 2147483647;
			files = (
			);
			runOnlyForDeploymentPostprocessing = 0;
		};
/* End PBXResourcesBuildPhase section */

/* Begin PBXSourcesBuildPhase section */
		D3B7A2782E4929BB00EE68D1 /* Sources */ = {
			isa = PBXSourcesBuildPhase;
			buildActionMask = 2147483647;
			files = (
			);
			runOnlyForDeploymentPostprocessing = 0;
		};
		D3B7A2852E4929BD00EE68D1 /* Sources */ = {
			isa = PBXSourcesBuildPhase;
			buildActionMask = 2147483647;
			files = (
			);
			runOnlyForDeploymentPostprocessing = 0;
		};
		D3B7A28F2E4929BD00EE68D1 /* Sources */ = {
			isa = PBXSourcesBuildPhase;
			buildActionMask = 2147483647;
			files = (
			);
			runOnlyForDeploymentPostprocessing = 0;
		};
/* End PBXSourcesBuildPhase section */

/* Begin PBXTargetDependency section */
		D3B7A28B2E4929BD00EE68D1 /* PBXTargetDependency */ = {
			isa = PBXTargetDependency;
			target = D3B7A27B2E4929BB00EE68D1 /* KYCFlowApp */;
			targetProxy = D3B7A28A2E4929BD00EE68D1 /* PBXContainerItemProxy */;
		};
		D3B7A2952E4929BD00EE68D1 /* PBXTargetDependency */ = {
			isa = PBXTargetDependency;
			target = D3B7A27B2E4929BB00EE68D1 /* KYCFlowApp */;
			targetProxy = D3B7A2942E4929BD00EE68D1 /* PBXContainerItemProxy */;
		};
		D3B7A6B52E49CEFD00EE68D1 /* PBXTargetDependency */ = {
			isa = PBXTargetDependency;
			productRef = D3B7A6B42E49CEFD00EE68D1 /* SwiftLintBuildToolPlugin */;
		};
/* End PBXTargetDependency section */

/* Begin XCBuildConfiguration section */
		D3B7A29B2E4929BD00EE68D1 /* Debug */ = {
			isa = XCBuildConfiguration;
			buildSettings = {
				ALWAYS_SEARCH_USER_PATHS = NO;
				ASSETCATALOG_COMPILER_GENERATE_SWIFT_ASSET_SYMBOL_EXTENSIONS = YES;
				CLANG_ANALYZER_NONNULL = YES;
				CLANG_ANALYZER_NUMBER_OBJECT_CONVERSION = YES_AGGRESSIVE;
				CLANG_CXX_LANGUAGE_STANDARD = "gnu++20";
				CLANG_ENABLE_MODULES = YES;
				CLANG_ENABLE_OBJC_ARC = YES;
				CLANG_ENABLE_OBJC_WEAK = YES;
				CLANG_WARN_BLOCK_CAPTURE_AUTORELEASING = YES;
				CLANG_WARN_BOOL_CONVERSION = YES;
				CLANG_WARN_COMMA = YES;
				CLANG_WARN_CONSTANT_CONVERSION = YES;
				CLANG_WARN_DEPRECATED_OBJC_IMPLEMENTATIONS = YES;
				CLANG_WARN_DIRECT_OBJC_ISA_USAGE = YES_ERROR;
				CLANG_WARN_DOCUMENTATION_COMMENTS = YES;
				CLANG_WARN_EMPTY_BODY = YES;
				CLANG_WARN_ENUM_CONVERSION = YES;
				CLANG_WARN_INFINITE_RECURSION = YES;
				CLANG_WARN_INT_CONVERSION = YES;
				CLANG_WARN_NON_LITERAL_NULL_CONVERSION = YES;
				CLANG_WARN_OBJC_IMPLICIT_RETAIN_SELF = YES;
				CLANG_WARN_OBJC_LITERAL_CONVERSION = YES;
				CLANG_WARN_OBJC_ROOT_CLASS = YES_ERROR;
				CLANG_WARN_QUOTED_INCLUDE_IN_FRAMEWORK_HEADER = YES;
				CLANG_WARN_RANGE_LOOP_ANALYSIS = YES;
				CLANG_WARN_STRICT_PROTOTYPES = YES;
				CLANG_WARN_SUSPICIOUS_MOVE = YES;
				CLANG_WARN_UNGUARDED_AVAILABILITY = YES_AGGRESSIVE;
				CLANG_WARN_UNREACHABLE_CODE = YES;
				CLANG_WARN__DUPLICATE_METHOD_MATCH = YES;
				COPY_PHASE_STRIP = NO;
				DEBUG_INFORMATION_FORMAT = dwarf;
				ENABLE_STRICT_OBJC_MSGSEND = YES;
				ENABLE_TESTABILITY = YES;
				ENABLE_USER_SCRIPT_SANDBOXING = YES;
				GCC_C_LANGUAGE_STANDARD = gnu17;
				GCC_DYNAMIC_NO_PIC = NO;
				GCC_NO_COMMON_BLOCKS = YES;
				GCC_OPTIMIZATION_LEVEL = 0;
				GCC_PREPROCESSOR_DEFINITIONS = (
					"DEBUG=1",
					"$(inherited)",
				);
				GCC_WARN_64_TO_32_BIT_CONVERSION = YES;
				GCC_WARN_ABOUT_RETURN_TYPE = YES_ERROR;
				GCC_WARN_UNDECLARED_SELECTOR = YES;
				GCC_WARN_UNINITIALIZED_AUTOS = YES_AGGRESSIVE;
				GCC_WARN_UNUSED_FUNCTION = YES;
				GCC_WARN_UNUSED_VARIABLE = YES;
				IPHONEOS_DEPLOYMENT_TARGET = 18.5;
				LOCALIZATION_PREFERS_STRING_CATALOGS = YES;
				MTL_ENABLE_DEBUG_INFO = INCLUDE_SOURCE;
				MTL_FAST_MATH = YES;
				ONLY_ACTIVE_ARCH = YES;
				SDKROOT = iphoneos;
				SWIFT_ACTIVE_COMPILATION_CONDITIONS = "DEBUG $(inherited)";
				SWIFT_OPTIMIZATION_LEVEL = "-Onone";
			};
			name = Debug;
		};
		D3B7A29C2E4929BD00EE68D1 /* Release */ = {
			isa = XCBuildConfiguration;
			buildSettings = {
				ALWAYS_SEARCH_USER_PATHS = NO;
				ASSETCATALOG_COMPILER_GENERATE_SWIFT_ASSET_SYMBOL_EXTENSIONS = YES;
				CLANG_ANALYZER_NONNULL = YES;
				CLANG_ANALYZER_NUMBER_OBJECT_CONVERSION = YES_AGGRESSIVE;
				CLANG_CXX_LANGUAGE_STANDARD = "gnu++20";
				CLANG_ENABLE_MODULES = YES;
				CLANG_ENABLE_OBJC_ARC = YES;
				CLANG_ENABLE_OBJC_WEAK = YES;
				CLANG_WARN_BLOCK_CAPTURE_AUTORELEASING = YES;
				CLANG_WARN_BOOL_CONVERSION = YES;
				CLANG_WARN_COMMA = YES;
				CLANG_WARN_CONSTANT_CONVERSION = YES;
				CLANG_WARN_DEPRECATED_OBJC_IMPLEMENTATIONS = YES;
				CLANG_WARN_DIRECT_OBJC_ISA_USAGE = YES_ERROR;
				CLANG_WARN_DOCUMENTATION_COMMENTS = YES;
				CLANG_WARN_EMPTY_BODY = YES;
				CLANG_WARN_ENUM_CONVERSION = YES;
				CLANG_WARN_INFINITE_RECURSION = YES;
				CLANG_WARN_INT_CONVERSION = YES;
				CLANG_WARN_NON_LITERAL_NULL_CONVERSION = YES;
				CLANG_WARN_OBJC_IMPLICIT_RETAIN_SELF = YES;
				CLANG_WARN_OBJC_LITERAL_CONVERSION = YES;
				CLANG_WARN_OBJC_ROOT_CLASS = YES_ERROR;
				CLANG_WARN_QUOTED_INCLUDE_IN_FRAMEWORK_HEADER = YES;
				CLANG_WARN_RANGE_LOOP_ANALYSIS = YES;
				CLANG_WARN_STRICT_PROTOTYPES = YES;
				CLANG_WARN_SUSPICIOUS_MOVE = YES;
				CLANG_WARN_UNGUARDED_AVAILABILITY = YES_AGGRESSIVE;
				CLANG_WARN_UNREACHABLE_CODE = YES;
				CLANG_WARN__DUPLICATE_METHOD_MATCH = YES;
				COPY_PHASE_STRIP = NO;
				DEBUG_INFORMATION_FORMAT = "dwarf-with-dsym";
				ENABLE_NS_ASSERTIONS = NO;
				ENABLE_STRICT_OBJC_MSGSEND = YES;
				ENABLE_USER_SCRIPT_SANDBOXING = YES;
				GCC_C_LANGUAGE_STANDARD = gnu17;
				GCC_NO_COMMON_BLOCKS = YES;
				GCC_WARN_64_TO_32_BIT_CONVERSION = YES;
				GCC_WARN_ABOUT_RETURN_TYPE = YES_ERROR;
				GCC_WARN_UNDECLARED_SELECTOR = YES;
				GCC_WARN_UNINITIALIZED_AUTOS = YES_AGGRESSIVE;
				GCC_WARN_UNUSED_FUNCTION = YES;
				GCC_WARN_UNUSED_VARIABLE = YES;
				IPHONEOS_DEPLOYMENT_TARGET = 18.5;
				LOCALIZATION_PREFERS_STRING_CATALOGS = YES;
				MTL_ENABLE_DEBUG_INFO = NO;
				MTL_FAST_MATH = YES;
				SDKROOT = iphoneos;
				SWIFT_COMPILATION_MODE = wholemodule;
				VALIDATE_PRODUCT = YES;
			};
			name = Release;
		};
		D3B7A29E2E4929BD00EE68D1 /* Debug */ = {
			isa = XCBuildConfiguration;
			buildSettings = {
				ASSETCATALOG_COMPILER_APPICON_NAME = AppIcon;
				ASSETCATALOG_COMPILER_GLOBAL_ACCENT_COLOR_NAME = AccentColor;
				CODE_SIGN_STYLE = Automatic;
				CURRENT_PROJECT_VERSION = 1;
				ENABLE_PREVIEWS = YES;
				GENERATE_INFOPLIST_FILE = YES;
				INFOPLIST_KEY_UIApplicationSceneManifest_Generation = YES;
				INFOPLIST_KEY_UIApplicationSupportsIndirectInputEvents = YES;
				INFOPLIST_KEY_UILaunchScreen_Generation = YES;
				INFOPLIST_KEY_UISupportedInterfaceOrientations = UIInterfaceOrientationPortrait;
				INFOPLIST_KEY_UISupportedInterfaceOrientations_iPad = "UIInterfaceOrientationLandscapeLeft UIInterfaceOrientationLandscapeRight UIInterfaceOrientationPortrait UIInterfaceOrientationPortraitUpsideDown";
				LD_RUNPATH_SEARCH_PATHS = (
					"$(inherited)",
					"@executable_path/Frameworks",
				);
				MARKETING_VERSION = 1.0;
				PRODUCT_BUNDLE_IDENTIFIER = com.devturhan.KYCFlowApp;
				PRODUCT_NAME = "$(TARGET_NAME)";
				SUPPORTED_PLATFORMS = "iphoneos iphonesimulator";
				SUPPORTS_MACCATALYST = NO;
				SUPPORTS_MAC_DESIGNED_FOR_IPHONE_IPAD = NO;
				SUPPORTS_XR_DESIGNED_FOR_IPHONE_IPAD = NO;
				SWIFT_EMIT_LOC_STRINGS = YES;
				SWIFT_VERSION = 5.0;
				TARGETED_DEVICE_FAMILY = 1;
			};
			name = Debug;
		};
		D3B7A29F2E4929BD00EE68D1 /* Release */ = {
			isa = XCBuildConfiguration;
			buildSettings = {
				ASSETCATALOG_COMPILER_APPICON_NAME = AppIcon;
				ASSETCATALOG_COMPILER_GLOBAL_ACCENT_COLOR_NAME = AccentColor;
				CODE_SIGN_STYLE = Automatic;
				CURRENT_PROJECT_VERSION = 1;
				ENABLE_PREVIEWS = YES;
				GENERATE_INFOPLIST_FILE = YES;
				INFOPLIST_KEY_UIApplicationSceneManifest_Generation = YES;
				INFOPLIST_KEY_UIApplicationSupportsIndirectInputEvents = YES;
				INFOPLIST_KEY_UILaunchScreen_Generation = YES;
				INFOPLIST_KEY_UISupportedInterfaceOrientations = UIInterfaceOrientationPortrait;
				INFOPLIST_KEY_UISupportedInterfaceOrientations_iPad = "UIInterfaceOrientationLandscapeLeft UIInterfaceOrientationLandscapeRight UIInterfaceOrientationPortrait UIInterfaceOrientationPortraitUpsideDown";
				LD_RUNPATH_SEARCH_PATHS = (
					"$(inherited)",
					"@executable_path/Frameworks",
				);
				MARKETING_VERSION = 1.0;
				PRODUCT_BUNDLE_IDENTIFIER = com.devturhan.KYCFlowApp;
				PRODUCT_NAME = "$(TARGET_NAME)";
				SUPPORTED_PLATFORMS = "iphoneos iphonesimulator";
				SUPPORTS_MACCATALYST = NO;
				SUPPORTS_MAC_DESIGNED_FOR_IPHONE_IPAD = NO;
				SUPPORTS_XR_DESIGNED_FOR_IPHONE_IPAD = NO;
				SWIFT_EMIT_LOC_STRINGS = YES;
				SWIFT_VERSION = 5.0;
				TARGETED_DEVICE_FAMILY = 1;
			};
			name = Release;
		};
		D3B7A2A12E4929BD00EE68D1 /* Debug */ = {
			isa = XCBuildConfiguration;
			buildSettings = {
				BUNDLE_LOADER = "$(TEST_HOST)";
				CODE_SIGN_STYLE = Automatic;
				CURRENT_PROJECT_VERSION = 1;
				GENERATE_INFOPLIST_FILE = YES;
				IPHONEOS_DEPLOYMENT_TARGET = 18.5;
				MARKETING_VERSION = 1.0;
				PRODUCT_BUNDLE_IDENTIFIER = com.devturhan.KYCFlowAppTests;
				PRODUCT_NAME = "$(TARGET_NAME)";
				SUPPORTED_PLATFORMS = "iphoneos iphonesimulator";
				SUPPORTS_MACCATALYST = NO;
				SUPPORTS_MAC_DESIGNED_FOR_IPHONE_IPAD = NO;
				SUPPORTS_XR_DESIGNED_FOR_IPHONE_IPAD = NO;
				SWIFT_EMIT_LOC_STRINGS = NO;
				SWIFT_VERSION = 5.0;
				TARGETED_DEVICE_FAMILY = 1;
				TEST_HOST = "$(BUILT_PRODUCTS_DIR)/KYCFlowApp.app/$(BUNDLE_EXECUTABLE_FOLDER_PATH)/KYCFlowApp";
			};
			name = Debug;
		};
		D3B7A2A22E4929BD00EE68D1 /* Release */ = {
			isa = XCBuildConfiguration;
			buildSettings = {
				BUNDLE_LOADER = "$(TEST_HOST)";
				CODE_SIGN_STYLE = Automatic;
				CURRENT_PROJECT_VERSION = 1;
				GENERATE_INFOPLIST_FILE = YES;
				IPHONEOS_DEPLOYMENT_TARGET = 18.5;
				MARKETING_VERSION = 1.0;
				PRODUCT_BUNDLE_IDENTIFIER = com.devturhan.KYCFlowAppTests;
				PRODUCT_NAME = "$(TARGET_NAME)";
				SUPPORTED_PLATFORMS = "iphoneos iphonesimulator";
				SUPPORTS_MACCATALYST = NO;
				SUPPORTS_MAC_DESIGNED_FOR_IPHONE_IPAD = NO;
				SUPPORTS_XR_DESIGNED_FOR_IPHONE_IPAD = NO;
				SWIFT_EMIT_LOC_STRINGS = NO;
				SWIFT_VERSION = 5.0;
				TARGETED_DEVICE_FAMILY = 1;
				TEST_HOST = "$(BUILT_PRODUCTS_DIR)/KYCFlowApp.app/$(BUNDLE_EXECUTABLE_FOLDER_PATH)/KYCFlowApp";
			};
			name = Release;
		};
		D3B7A2A42E4929BD00EE68D1 /* Debug */ = {
			isa = XCBuildConfiguration;
			buildSettings = {
				CODE_SIGN_STYLE = Automatic;
				CURRENT_PROJECT_VERSION = 1;
				GENERATE_INFOPLIST_FILE = YES;
				MARKETING_VERSION = 1.0;
				PRODUCT_BUNDLE_IDENTIFIER = com.devturhan.KYCFlowAppUITests;
				PRODUCT_NAME = "$(TARGET_NAME)";
				SUPPORTED_PLATFORMS = "iphoneos iphonesimulator";
				SUPPORTS_MACCATALYST = NO;
				SUPPORTS_MAC_DESIGNED_FOR_IPHONE_IPAD = NO;
				SUPPORTS_XR_DESIGNED_FOR_IPHONE_IPAD = NO;
				SWIFT_EMIT_LOC_STRINGS = NO;
				SWIFT_VERSION = 5.0;
				TARGETED_DEVICE_FAMILY = 1;
				TEST_TARGET_NAME = KYCFlowApp;
			};
			name = Debug;
		};
		D3B7A2A52E4929BD00EE68D1 /* Release */ = {
			isa = XCBuildConfiguration;
			buildSettings = {
				CODE_SIGN_STYLE = Automatic;
				CURRENT_PROJECT_VERSION = 1;
				GENERATE_INFOPLIST_FILE = YES;
				MARKETING_VERSION = 1.0;
				PRODUCT_BUNDLE_IDENTIFIER = com.devturhan.KYCFlowAppUITests;
				PRODUCT_NAME = "$(TARGET_NAME)";
				SUPPORTED_PLATFORMS = "iphoneos iphonesimulator";
				SUPPORTS_MACCATALYST = NO;
				SUPPORTS_MAC_DESIGNED_FOR_IPHONE_IPAD = NO;
				SUPPORTS_XR_DESIGNED_FOR_IPHONE_IPAD = NO;
				SWIFT_EMIT_LOC_STRINGS = NO;
				SWIFT_VERSION = 5.0;
				TARGETED_DEVICE_FAMILY = 1;
				TEST_TARGET_NAME = KYCFlowApp;
			};
			name = Release;
		};
/* End XCBuildConfiguration section */

/* Begin XCConfigurationList section */
		D3B7A2772E4929BB00EE68D1 /* Build configuration list for PBXProject "KYCFlowApp" */ = {
			isa = XCConfigurationList;
			buildConfigurations = (
				D3B7A29B2E4929BD00EE68D1 /* Debug */,
				D3B7A29C2E4929BD00EE68D1 /* Release */,
			);
			defaultConfigurationIsVisible = 0;
			defaultConfigurationName = Release;
		};
		D3B7A29D2E4929BD00EE68D1 /* Build configuration list for PBXNativeTarget "KYCFlowApp" */ = {
			isa = XCConfigurationList;
			buildConfigurations = (
				D3B7A29E2E4929BD00EE68D1 /* Debug */,
				D3B7A29F2E4929BD00EE68D1 /* Release */,
			);
			defaultConfigurationIsVisible = 0;
			defaultConfigurationName = Release;
		};
		D3B7A2A02E4929BD00EE68D1 /* Build configuration list for PBXNativeTarget "KYCFlowAppTests" */ = {
			isa = XCConfigurationList;
			buildConfigurations = (
				D3B7A2A12E4929BD00EE68D1 /* Debug */,
				D3B7A2A22E4929BD00EE68D1 /* Release */,
			);
			defaultConfigurationIsVisible = 0;
			defaultConfigurationName = Release;
		};
		D3B7A2A32E4929BD00EE68D1 /* Build configuration list for PBXNativeTarget "KYCFlowAppUITests" */ = {
			isa = XCConfigurationList;
			buildConfigurations = (
				D3B7A2A42E4929BD00EE68D1 /* Debug */,
				D3B7A2A52E4929BD00EE68D1 /* Release */,
			);
			defaultConfigurationIsVisible = 0;
			defaultConfigurationName = Release;
		};
/* End XCConfigurationList section */

/* Begin XCRemoteSwiftPackageReference section */
		D3B7A61C2E49CD8200EE68D1 /* XCRemoteSwiftPackageReference "SwiftLintPlugins" */ = {
			isa = XCRemoteSwiftPackageReference;
			repositoryURL = "https://github.com/SimplyDanny/SwiftLintPlugins";
			requirement = {
				kind = upToNextMajorVersion;
				minimumVersion = 0.59.1;
			};
		};
		D3B7A61D2E49CDBF00EE68D1 /* XCRemoteSwiftPackageReference "swift-snapshot-testing" */ = {
			isa = XCRemoteSwiftPackageReference;
			repositoryURL = "https://github.com/pointfreeco/swift-snapshot-testing";
			requirement = {
				kind = upToNextMajorVersion;
				minimumVersion = 1.18.6;
			};
		};
		D3B7A6242E49CDD200EE68D1 /* XCRemoteSwiftPackageReference "Yams" */ = {
			isa = XCRemoteSwiftPackageReference;
			repositoryURL = "https://github.com/jpsim/Yams";
			requirement = {
				kind = upToNextMajorVersion;
				minimumVersion = 6.1.0;
			};
		};
/* End XCRemoteSwiftPackageReference section */

/* Begin XCSwiftPackageProductDependency section */
		D3B7A61E2E49CDBF00EE68D1 /* InlineSnapshotTesting */ = {
			isa = XCSwiftPackageProductDependency;
			package = D3B7A61D2E49CDBF00EE68D1 /* XCRemoteSwiftPackageReference "swift-snapshot-testing" */;
			productName = InlineSnapshotTesting;
		};
		D3B7A6202E49CDBF00EE68D1 /* SnapshotTesting */ = {
			isa = XCSwiftPackageProductDependency;
			package = D3B7A61D2E49CDBF00EE68D1 /* XCRemoteSwiftPackageReference "swift-snapshot-testing" */;
			productName = SnapshotTesting;
		};
		D3B7A6222E49CDBF00EE68D1 /* SnapshotTestingCustomDump */ = {
			isa = XCSwiftPackageProductDependency;
			package = D3B7A61D2E49CDBF00EE68D1 /* XCRemoteSwiftPackageReference "swift-snapshot-testing" */;
			productName = SnapshotTestingCustomDump;
		};
		D3B7A6252E49CDD200EE68D1 /* Yams */ = {
			isa = XCSwiftPackageProductDependency;
			package = D3B7A6242E49CDD200EE68D1 /* XCRemoteSwiftPackageReference "Yams" */;
			productName = Yams;
		};
		D3B7A6B42E49CEFD00EE68D1 /* SwiftLintBuildToolPlugin */ = {
			isa = XCSwiftPackageProductDependency;
			package = D3B7A61C2E49CD8200EE68D1 /* XCRemoteSwiftPackageReference "SwiftLintPlugins" */;
			productName = "plugin:SwiftLintBuildToolPlugin";
		};
/* End XCSwiftPackageProductDependency section */
	};
	rootObject = D3B7A2742E4929BB00EE68D1 /* Project object */;
}
